
Microsoft Visual Studio Solution File, Format Version 12.00
# Visual Studio 15
Project("{FAE04EC0-301F-11D3-BF4B-00C04F79EFBC}") = "UnityEngine.UI", "UnityEngine.UI.csproj", "{EE892C11-6D75-6A24-4F1A-C176769C4C6F}"
EndProject
Project("{FAE04EC0-301F-11D3-BF4B-00C04F79EFBC}") = "UnityEngine.TestRunner", "UnityEngine.TestRunner.csproj", "{82978809-BF76-F071-6E32-A6EEB9D229E4}"
EndProject
Project("{FAE04EC0-301F-11D3-BF4B-00C04F79EFBC}") = "Assembly-CSharp", "Assembly-CSharp.csproj", "{4ABD25F2-7453-1E14-1C63-BCE00338D1E5}"
EndProject
Project("{FAE04EC0-301F-11D3-BF4B-00C04F79EFBC}") = "SteamVR", "SteamVR.csproj", "{6C3C7C40-41DA-1306-66A6-4A7B128152CE}"
EndProject
Project("{FAE04EC0-301F-11D3-BF4B-00C04F79EFBC}") = "Unity.TextMeshPro", "Unity.TextMeshPro.csproj", "{45449171-9F8E-0E47-6B2B-DEFBF87053AD}"
EndProject
Project("{FAE04EC0-301F-11D3-BF4B-00C04F79EFBC}") = "Unity.Timeline", "Unity.Timeline.csproj", "{DD534F14-BE9E-2F7D-2D9B-38EEBFD97D5B}"
EndProject
Project("{FAE04EC0-301F-11D3-BF4B-00C04F79EFBC}") = "Assembly-CSharp-firstpass", "Assembly-CSharp-firstpass.csproj", "{B828064A-437F-82D3-EF2B-DA2B53BB594C}"
EndProject
Project("{FAE04EC0-301F-11D3-BF4B-00C04F79EFBC}") = "SteamVR_Actions", "SteamVR_Actions.csproj", "{05E3B994-9771-899A-3A9F-E0A5D6E2FBF9}"
EndProject
Project("{FAE04EC0-301F-11D3-BF4B-00C04F79EFBC}") = "UnityEditor.TestRunner", "UnityEditor.TestRunner.csproj", "{B340BF22-F092-B4D4-BB5F-2ED8A5A93116}"
EndProject
Project("{FAE04EC0-301F-11D3-BF4B-00C04F79EFBC}") = "Unity.TextMeshPro.Editor", "Unity.TextMeshPro.Editor.csproj", "{D02FCFD6-4D5E-E359-FDBD-CAC0C255EB06}"
EndProject
Project("{FAE04EC0-301F-11D3-BF4B-00C04F79EFBC}") = "Unity.Timeline.Editor", "Unity.Timeline.Editor.csproj", "{7B1843DA-4F7C-F26A-530B-73ED444B0F64}"
EndProject
Project("{FAE04EC0-301F-11D3-BF4B-00C04F79EFBC}") = "Assembly-CSharp-Editor-firstpass", "Assembly-CSharp-Editor-firstpass.csproj", "{6FB93593-429E-EB3C-D1B7-138F54919CF7}"
EndProject
Project("{FAE04EC0-301F-11D3-BF4B-00C04F79EFBC}") = "SteamVR_Editor", "SteamVR_Editor.csproj", "{5A3DBC9F-9D1A-43A1-6886-3B032937CB9D}"
EndProject
Project("{FAE04EC0-301F-11D3-BF4B-00C04F79EFBC}") = "UnityEditor.UI", "UnityEditor.UI.csproj", "{549BD746-91A0-6B6C-087D-8479DC644C87}"
EndProject
Project("{FAE04EC0-301F-11D3-BF4B-00C04F79EFBC}") = "Unity.Rider.Editor", "Unity.Rider.Editor.csproj", "{F649B110-4B4F-0893-8064-1F30577C07A7}"
EndProject
Project("{FAE04EC0-301F-11D3-BF4B-00C04F79EFBC}") = "SteamVR_Input_Editor", "SteamVR_Input_Editor.csproj", "{AE968C78-4CDB-68F3-1FAC-6E4C4BA0F880}"
EndProject
Project("{FAE04EC0-301F-11D3-BF4B-00C04F79EFBC}") = "Unity.CollabProxy.Editor", "Unity.CollabProxy.Editor.csproj", "{EED22F00-8124-E216-24E7-61E12B11B616}"
EndProject
Project("{FAE04EC0-301F-11D3-BF4B-00C04F79EFBC}") = "Unity.VSCode.Editor", "Unity.VSCode.Editor.csproj", "{4C2CD33D-01DE-D1FE-4636-54280F0C595C}"
EndProject
Project("{FAE04EC0-301F-11D3-BF4B-00C04F79EFBC}") = "SteamVR_Windows_EditorHelper", "SteamVR_Windows_EditorHelper.csproj", "{1C4C3457-4CA8-9A32-8DD5-3C9C68AA6427}"
EndProject
Project("{FAE04EC0-301F-11D3-BF4B-00C04F79EFBC}") = "Assembly-CSharp.Player", "Assembly-CSharp.Player.csproj", "{6066E543-6188-A440-E372-875A7F02E00F}"
EndProject
Project("{FAE04EC0-301F-11D3-BF4B-00C04F79EFBC}") = "SteamVR.Player", "SteamVR.Player.csproj", "{B8E184C4-65C7-2A12-DA8A-9A4F5150D4B6}"
EndProject
Project("{FAE04EC0-301F-11D3-BF4B-00C04F79EFBC}") = "Assembly-CSharp-firstpass.Player", "Assembly-CSharp-firstpass.Player.csproj", "{364C0DD2-A082-40DD-CC05-0AB4FD19B1DE}"
EndProject
Project("{FAE04EC0-301F-11D3-BF4B-00C04F79EFBC}") = "SteamVR_Actions.Player", "SteamVR_Actions.Player.csproj", "{A75798ED-F5AD-BC75-6518-181DCFD83AFA}"
EndProject
Global
	GlobalSection(SolutionConfigurationPlatforms) = preSolution
		Debug|Any CPU = Debug|Any CPU
		Release|Any CPU = Release|Any CPU
	EndGlobalSection
	GlobalSection(ProjectConfigurationPlatforms) = postSolution
		{EE892C11-6D75-6A24-4F1A-C176769C4C6F}.Debug|Any CPU.ActiveCfg = Debug|Any CPU
		{EE892C11-6D75-6A24-4F1A-C176769C4C6F}.Debug|Any CPU.Build.0 = Debug|Any CPU
		{EE892C11-6D75-6A24-4F1A-C176769C4C6F}.Release|Any CPU.ActiveCfg = Release|Any CPU
		{EE892C11-6D75-6A24-4F1A-C176769C4C6F}.Release|Any CPU.Build.0 = Release|Any CPU
		{82978809-BF76-F071-6E32-A6EEB9D229E4}.Debug|Any CPU.ActiveCfg = Debug|Any CPU
		{82978809-BF76-F071-6E32-A6EEB9D229E4}.Debug|Any CPU.Build.0 = Debug|Any CPU
		{82978809-BF76-F071-6E32-A6EEB9D229E4}.Release|Any CPU.ActiveCfg = Release|Any CPU
		{82978809-BF76-F071-6E32-A6EEB9D229E4}.Release|Any CPU.Build.0 = Release|Any CPU
		{4ABD25F2-7453-1E14-1C63-BCE00338D1E5}.Debug|Any CPU.ActiveCfg = Debug|Any CPU
		{4ABD25F2-7453-1E14-1C63-BCE00338D1E5}.Debug|Any CPU.Build.0 = Debug|Any CPU
		{4ABD25F2-7453-1E14-1C63-BCE00338D1E5}.Release|Any CPU.ActiveCfg = Release|Any CPU
		{4ABD25F2-7453-1E14-1C63-BCE00338D1E5}.Release|Any CPU.Build.0 = Release|Any CPU
		{6C3C7C40-41DA-1306-66A6-4A7B128152CE}.Debug|Any CPU.ActiveCfg = Debug|Any CPU
		{6C3C7C40-41DA-1306-66A6-4A7B128152CE}.Debug|Any CPU.Build.0 = Debug|Any CPU
		{6C3C7C40-41DA-1306-66A6-4A7B128152CE}.Release|Any CPU.ActiveCfg = Release|Any CPU
		{6C3C7C40-41DA-1306-66A6-4A7B128152CE}.Release|Any CPU.Build.0 = Release|Any CPU
		{45449171-9F8E-0E47-6B2B-DEFBF87053AD}.Debug|Any CPU.ActiveCfg = Debug|Any CPU
		{45449171-9F8E-0E47-6B2B-DEFBF87053AD}.Debug|Any CPU.Build.0 = Debug|Any CPU
		{45449171-9F8E-0E47-6B2B-DEFBF87053AD}.Release|Any CPU.ActiveCfg = Release|Any CPU
		{45449171-9F8E-0E47-6B2B-DEFBF87053AD}.Release|Any CPU.Build.0 = Release|Any CPU
		{DD534F14-BE9E-2F7D-2D9B-38EEBFD97D5B}.Debug|Any CPU.ActiveCfg = Debug|Any CPU
		{DD534F14-BE9E-2F7D-2D9B-38EEBFD97D5B}.Debug|Any CPU.Build.0 = Debug|Any CPU
		{DD534F14-BE9E-2F7D-2D9B-38EEBFD97D5B}.Release|Any CPU.ActiveCfg = Release|Any CPU
		{DD534F14-BE9E-2F7D-2D9B-38EEBFD97D5B}.Release|Any CPU.Build.0 = Release|Any CPU
		{B828064A-437F-82D3-EF2B-DA2B53BB594C}.Debug|Any CPU.ActiveCfg = Debug|Any CPU
		{B828064A-437F-82D3-EF2B-DA2B53BB594C}.Debug|Any CPU.Build.0 = Debug|Any CPU
		{B828064A-437F-82D3-EF2B-DA2B53BB594C}.Release|Any CPU.ActiveCfg = Release|Any CPU
		{B828064A-437F-82D3-EF2B-DA2B53BB594C}.Release|Any CPU.Build.0 = Release|Any CPU
		{05E3B994-9771-899A-3A9F-E0A5D6E2FBF9}.Debug|Any CPU.ActiveCfg = Debug|Any CPU
		{05E3B994-9771-899A-3A9F-E0A5D6E2FBF9}.Debug|Any CPU.Build.0 = Debug|Any CPU
		{05E3B994-9771-899A-3A9F-E0A5D6E2FBF9}.Release|Any CPU.ActiveCfg = Release|Any CPU
		{05E3B994-9771-899A-3A9F-E0A5D6E2FBF9}.Release|Any CPU.Build.0 = Release|Any CPU
		{B340BF22-F092-B4D4-BB5F-2ED8A5A93116}.Debug|Any CPU.ActiveCfg = Debug|Any CPU
		{B340BF22-F092-B4D4-BB5F-2ED8A5A93116}.Debug|Any CPU.Build.0 = Debug|Any CPU
		{B340BF22-F092-B4D4-BB5F-2ED8A5A93116}.Release|Any CPU.ActiveCfg = Release|Any CPU
		{B340BF22-F092-B4D4-BB5F-2ED8A5A93116}.Release|Any CPU.Build.0 = Release|Any CPU
		{D02FCFD6-4D5E-E359-FDBD-CAC0C255EB06}.Debug|Any CPU.ActiveCfg = Debug|Any CPU
		{D02FCFD6-4D5E-E359-FDBD-CAC0C255EB06}.Debug|Any CPU.Build.0 = Debug|Any CPU
		{D02FCFD6-4D5E-E359-FDBD-CAC0C255EB06}.Release|Any CPU.ActiveCfg = Release|Any CPU
		{D02FCFD6-4D5E-E359-FDBD-CAC0C255EB06}.Release|Any CPU.Build.0 = Release|Any CPU
		{7B1843DA-4F7C-F26A-530B-73ED444B0F64}.Debug|Any CPU.ActiveCfg = Debug|Any CPU
		{7B1843DA-4F7C-F26A-530B-73ED444B0F64}.Debug|Any CPU.Build.0 = Debug|Any CPU
		{7B1843DA-4F7C-F26A-530B-73ED444B0F64}.Release|Any CPU.ActiveCfg = Release|Any CPU
		{7B1843DA-4F7C-F26A-530B-73ED444B0F64}.Release|Any CPU.Build.0 = Release|Any CPU
		{6FB93593-429E-EB3C-D1B7-138F54919CF7}.Debug|Any CPU.ActiveCfg = Debug|Any CPU
		{6FB93593-429E-EB3C-D1B7-138F54919CF7}.Debug|Any CPU.Build.0 = Debug|Any CPU
		{6FB93593-429E-EB3C-D1B7-138F54919CF7}.Release|Any CPU.ActiveCfg = Release|Any CPU
		{6FB93593-429E-EB3C-D1B7-138F54919CF7}.Release|Any CPU.Build.0 = Release|Any CPU
		{5A3DBC9F-9D1A-43A1-6886-3B032937CB9D}.Debug|Any CPU.ActiveCfg = Debug|Any CPU
		{5A3DBC9F-9D1A-43A1-6886-3B032937CB9D}.Debug|Any CPU.Build.0 = Debug|Any CPU
		{5A3DBC9F-9D1A-43A1-6886-3B032937CB9D}.Release|Any CPU.ActiveCfg = Release|Any CPU
		{5A3DBC9F-9D1A-43A1-6886-3B032937CB9D}.Release|Any CPU.Build.0 = Release|Any CPU
		{549BD746-91A0-6B6C-087D-8479DC644C87}.Debug|Any CPU.ActiveCfg = Debug|Any CPU
		{549BD746-91A0-6B6C-087D-8479DC644C87}.Debug|Any CPU.Build.0 = Debug|Any CPU
		{549BD746-91A0-6B6C-087D-8479DC644C87}.Release|Any CPU.ActiveCfg = Release|Any CPU
		{549BD746-91A0-6B6C-087D-8479DC644C87}.Release|Any CPU.Build.0 = Release|Any CPU
		{F649B110-4B4F-0893-8064-1F30577C07A7}.Debug|Any CPU.ActiveCfg = Debug|Any CPU
		{F649B110-4B4F-0893-8064-1F30577C07A7}.Debug|Any CPU.Build.0 = Debug|Any CPU
		{F649B110-4B4F-0893-8064-1F30577C07A7}.Release|Any CPU.ActiveCfg = Release|Any CPU
		{F649B110-4B4F-0893-8064-1F30577C07A7}.Release|Any CPU.Build.0 = Release|Any CPU
		{AE968C78-4CDB-68F3-1FAC-6E4C4BA0F880}.Debug|Any CPU.ActiveCfg = Debug|Any CPU
		{AE968C78-4CDB-68F3-1FAC-6E4C4BA0F880}.Debug|Any CPU.Build.0 = Debug|Any CPU
		{AE968C78-4CDB-68F3-1FAC-6E4C4BA0F880}.Release|Any CPU.ActiveCfg = Release|Any CPU
		{AE968C78-4CDB-68F3-1FAC-6E4C4BA0F880}.Release|Any CPU.Build.0 = Release|Any CPU
		{EED22F00-8124-E216-24E7-61E12B11B616}.Debug|Any CPU.ActiveCfg = Debug|Any CPU
		{EED22F00-8124-E216-24E7-61E12B11B616}.Debug|Any CPU.Build.0 = Debug|Any CPU
		{EED22F00-8124-E216-24E7-61E12B11B616}.Release|Any CPU.ActiveCfg = Release|Any CPU
		{EED22F00-8124-E216-24E7-61E12B11B616}.Release|Any CPU.Build.0 = Release|Any CPU
		{4C2CD33D-01DE-D1FE-4636-54280F0C595C}.Debug|Any CPU.ActiveCfg = Debug|Any CPU
		{4C2CD33D-01DE-D1FE-4636-54280F0C595C}.Debug|Any CPU.Build.0 = Debug|Any CPU
		{4C2CD33D-01DE-D1FE-4636-54280F0C595C}.Release|Any CPU.ActiveCfg = Release|Any CPU
		{4C2CD33D-01DE-D1FE-4636-54280F0C595C}.Release|Any CPU.Build.0 = Release|Any CPU
		{1C4C3457-4CA8-9A32-8DD5-3C9C68AA6427}.Debug|Any CPU.ActiveCfg = Debug|Any CPU
		{1C4C3457-4CA8-9A32-8DD5-3C9C68AA6427}.Debug|Any CPU.Build.0 = Debug|Any CPU
		{1C4C3457-4CA8-9A32-8DD5-3C9C68AA6427}.Release|Any CPU.ActiveCfg = Release|Any CPU
		{1C4C3457-4CA8-9A32-8DD5-3C9C68AA6427}.Release|Any CPU.Build.0 = Release|Any CPU
		{6066E543-6188-A440-E372-875A7F02E00F}.Debug|Any CPU.ActiveCfg = Debug|Any CPU
		{6066E543-6188-A440-E372-875A7F02E00F}.Debug|Any CPU.Build.0 = Debug|Any CPU
		{6066E543-6188-A440-E372-875A7F02E00F}.Release|Any CPU.ActiveCfg = Release|Any CPU
		{6066E543-6188-A440-E372-875A7F02E00F}.Release|Any CPU.Build.0 = Release|Any CPU
		{B8E184C4-65C7-2A12-DA8A-9A4F5150D4B6}.Debug|Any CPU.ActiveCfg = Debug|Any CPU
		{B8E184C4-65C7-2A12-DA8A-9A4F5150D4B6}.Debug|Any CPU.Build.0 = Debug|Any CPU
		{B8E184C4-65C7-2A12-DA8A-9A4F5150D4B6}.Release|Any CPU.ActiveCfg = Release|Any CPU
		{B8E184C4-65C7-2A12-DA8A-9A4F5150D4B6}.Release|Any CPU.Build.0 = Release|Any CPU
		{364C0DD2-A082-40DD-CC05-0AB4FD19B1DE}.Debug|Any CPU.ActiveCfg = Debug|Any CPU
		{364C0DD2-A082-40DD-CC05-0AB4FD19B1DE}.Debug|Any CPU.Build.0 = Debug|Any CPU
		{364C0DD2-A082-40DD-CC05-0AB4FD19B1DE}.Release|Any CPU.ActiveCfg = Release|Any CPU
		{364C0DD2-A082-40DD-CC05-0AB4FD19B1DE}.Release|Any CPU.Build.0 = Release|Any CPU
		{A75798ED-F5AD-BC75-6518-181DCFD83AFA}.Debug|Any CPU.ActiveCfg = Debug|Any CPU
		{A75798ED-F5AD-BC75-6518-181DCFD83AFA}.Debug|Any CPU.Build.0 = Debug|Any CPU
		{A75798ED-F5AD-BC75-6518-181DCFD83AFA}.Release|Any CPU.ActiveCfg = Release|Any CPU
		{A75798ED-F5AD-BC75-6518-181DCFD83AFA}.Release|Any CPU.Build.0 = Release|Any CPU
	EndGlobalSection
	GlobalSection(SolutionProperties) = preSolution
		HideSolutionNode = FALSE
	EndGlobalSection
EndGlobal
